{
  "requires": true,
  "lockfileVersion": 1,
  "dependencies": {
    "@ark-ui/react": {
      "version": "4.9.1",
      "resolved": "https://registry.npmjs.org/@ark-ui/react/-/react-4.9.1.tgz",
      "integrity": "sha512-grnfoSUrGxN0VMgtf4yvpMgin2T4ERINqYm3x/XKny+q2iIO76PD7yjNP7IW+CDmNxy3QPOidcvRiCyy6x0LGA==",
      "requires": {
        "@internationalized/date": "3.7.0",
        "@zag-js/accordion": "0.82.1",
        "@zag-js/anatomy": "0.82.1",
        "@zag-js/auto-resize": "0.82.1",
        "@zag-js/avatar": "0.82.1",
        "@zag-js/carousel": "0.82.1",
        "@zag-js/checkbox": "0.82.1",
        "@zag-js/clipboard": "0.82.1",
        "@zag-js/collapsible": "0.82.1",
        "@zag-js/collection": "0.82.1",
        "@zag-js/color-picker": "0.82.1",
        "@zag-js/color-utils": "0.82.1",
        "@zag-js/combobox": "0.82.1",
        "@zag-js/core": "0.82.1",
        "@zag-js/date-picker": "0.82.1",
        "@zag-js/date-utils": "0.82.1",
        "@zag-js/dialog": "0.82.1",
        "@zag-js/dom-query": "0.82.1",
        "@zag-js/editable": "0.82.1",
        "@zag-js/file-upload": "0.82.1",
        "@zag-js/file-utils": "0.82.1",
        "@zag-js/focus-trap": "0.82.1",
        "@zag-js/highlight-word": "0.82.1",
        "@zag-js/hover-card": "0.82.1",
        "@zag-js/i18n-utils": "0.82.1",
        "@zag-js/menu": "0.82.1",
        "@zag-js/number-input": "0.82.1",
        "@zag-js/pagination": "0.82.1",
        "@zag-js/pin-input": "0.82.1",
        "@zag-js/popover": "0.82.1",
        "@zag-js/presence": "0.82.1",
        "@zag-js/progress": "0.82.1",
        "@zag-js/qr-code": "0.82.1",
        "@zag-js/radio-group": "0.82.1",
        "@zag-js/rating-group": "0.82.1",
        "@zag-js/react": "0.82.1",
        "@zag-js/select": "0.82.1",
        "@zag-js/signature-pad": "0.82.1",
        "@zag-js/slider": "0.82.1",
        "@zag-js/splitter": "0.82.1",
        "@zag-js/steps": "0.82.1",
        "@zag-js/switch": "0.82.1",
        "@zag-js/tabs": "0.82.1",
        "@zag-js/tags-input": "0.82.1",
        "@zag-js/time-picker": "0.82.1",
        "@zag-js/timer": "0.82.1",
        "@zag-js/toast": "0.82.1",
        "@zag-js/toggle-group": "0.82.1",
        "@zag-js/tooltip": "0.82.1",
        "@zag-js/tour": "0.82.1",
        "@zag-js/tree-view": "0.82.1",
        "@zag-js/types": "0.82.1"
      }
    },
    "@chakra-ui/react": {
      "version": "3.8.1",
      "resolved": "https://registry.npmjs.org/@chakra-ui/react/-/react-3.8.1.tgz",
      "integrity": "sha512-U1SIjSENiJ62tVKGq/fLDcQWSnzjVAsKCqNNIfg5RtPOP4y7j0k//n9HPsmGVLrBEJb5JGSTsudfFen0t/dHBQ==",
      "requires": {
        "@ark-ui/react": "4.9.1",
        "@pandacss/is-valid-prop": "0.41.0",
        "csstype": "3.1.3",
        "fast-safe-stringify": "2.1.1"
      }
    },
    "@floating-ui/core": {
      "version": "1.6.9",
      "resolved": "https://registry.npmjs.org/@floating-ui/core/-/core-1.6.9.tgz",
      "integrity": "sha512-uMXCuQ3BItDUbAMhIXw7UPXRfAlOAvZzdK9BWpE60MCn+Svt3aLn9jsPTi/WNGlRUu2uI0v5S7JiIUsbsvh3fw==",
      "requires": {
        "@floating-ui/utils": "^0.2.9"
      }
    },
    "@floating-ui/dom": {
      "version": "1.6.12",
      "resolved": "https://registry.npmjs.org/@floating-ui/dom/-/dom-1.6.12.tgz",
      "integrity": "sha512-NP83c0HjokcGVEMeoStg317VD9W7eDlGK7457dMBANbKA6GJZdc7rjujdgqzTaz93jkGgc5P/jeWbaCHnMNc+w==",
      "requires": {
        "@floating-ui/core": "^1.6.0",
        "@floating-ui/utils": "^0.2.8"
      }
    },
    "@floating-ui/utils": {
      "version": "0.2.9",
      "resolved": "https://registry.npmjs.org/@floating-ui/utils/-/utils-0.2.9.tgz",
      "integrity": "sha512-MDWhGtE+eHw5JW7lq4qhc5yRLS11ERl1c7Z6Xd0a58DozHES6EnNNwUWbMiG4J9Cgj053Bhk8zvlhFYKVhULwg=="
    },
    "@internationalized/date": {
      "version": "3.7.0",
      "resolved": "https://registry.npmjs.org/@internationalized/date/-/date-3.7.0.tgz",
      "integrity": "sha512-VJ5WS3fcVx0bejE/YHfbDKR/yawZgKqn/if+oEeLqNwBtPzVB06olkfcnojTmEMX+gTpH+FlQ69SHNitJ8/erQ==",
      "requires": {
        "@swc/helpers": "^0.5.0"
      }
    },
    "@internationalized/number": {
      "version": "3.6.0",
      "resolved": "https://registry.npmjs.org/@internationalized/number/-/number-3.6.0.tgz",
      "integrity": "sha512-PtrRcJVy7nw++wn4W2OuePQQfTqDzfusSuY1QTtui4wa7r+rGVtR75pO8CyKvHvzyQYi3Q1uO5sY0AsB4e65Bw==",
      "requires": {
        "@swc/helpers": "^0.5.0"
      }
    },
    "@pandacss/is-valid-prop": {
      "version": "0.41.0",
      "resolved": "https://registry.npmjs.org/@pandacss/is-valid-prop/-/is-valid-prop-0.41.0.tgz",
      "integrity": "sha512-BE6h6CsJk14ugIRrsazJtN3fcg+KDFRat1Bs93YFKH6jd4DOb1yUyVvC70jKqPVvg70zEcV8acZ7VdcU5TLu+w=="
    },
    "@swc/helpers": {
      "version": "0.5.15",
      "resolved": "https://registry.npmjs.org/@swc/helpers/-/helpers-0.5.15.tgz",
      "integrity": "sha512-JQ5TuMi45Owi4/BIMAJBoSQoOJu12oOk/gADqlcUL9JEdHB8vyjUSsxqeNXnmXHjYKMi2WcYtezGEEhqUI/E2g==",
      "requires": {
        "tslib": "^2.8.0"
      }
    },
    "@zag-js/accordion": {
      "version": "0.82.1",
      "resolved": "https://registry.npmjs.org/@zag-js/accordion/-/accordion-0.82.1.tgz",
      "integrity": "sha512-DWaElpm6RhntW8zVPMfd+s461FuXi6rv4pDPpXb4xCAJ0KTkBzS6PFxoBLL+11Mjv9XioaBoJatIGOCF8GAtTA==",
      "requires": {
        "@zag-js/anatomy": "0.82.1",
        "@zag-js/core": "0.82.1",
        "@zag-js/dom-query": "0.82.1",
        "@zag-js/types": "0.82.1",
        "@zag-js/utils": "0.82.1"
      }
    },
    "@zag-js/anatomy": {
      "version": "0.82.1",
      "resolved": "https://registry.npmjs.org/@zag-js/anatomy/-/anatomy-0.82.1.tgz",
      "integrity": "sha512-wpgU7LyU9St3o/ft8Nkundi7MkW37vN1hYc2E7VA/R6mun0qiANsEf83ymIlAYnovLC6WUlBso9xwqejr6wRCg=="
    },
    "@zag-js/aria-hidden": {
      "version": "0.82.1",
      "resolved": "https://registry.npmjs.org/@zag-js/aria-hidden/-/aria-hidden-0.82.1.tgz",
      "integrity": "sha512-KSz9oMY9rn1N3k3tFTKHlU66eQf8XZ/gy/ex27J0ykZoaYJplWQerSZvVakbILeh+rtpvdiTNaSgrCAwYwvAPA=="
    },
    "@zag-js/auto-resize": {
      "version": "0.82.1",
      "resolved": "https://registry.npmjs.org/@zag-js/auto-resize/-/auto-resize-0.82.1.tgz",
      "integrity": "sha512-adOB7Y4p4i6b8GJv4V6qhlK1YRj4Ejs5I+eWFd8Rx535uQIcxEEVtpEAD5SRYg5PNk1ikaT+GCoHnTadGj6PuA==",
      "requires": {
        "@zag-js/dom-query": "0.82.1"
      }
    },
    "@zag-js/avatar": {
      "version": "0.82.1",
      "resolved": "https://registry.npmjs.org/@zag-js/avatar/-/avatar-0.82.1.tgz",
      "integrity": "sha512-XjRvDRmBxwy5OtIzlQOpf7zNk4g0b/uA7qZve5Hz0R7yWOu+NFlbFv0GsvRfgyYMCT5J0xBu271EG9FJq3QKyw==",
      "requires": {
        "@zag-js/anatomy": "0.82.1",
        "@zag-js/core": "0.82.1",
        "@zag-js/dom-query": "0.82.1",
        "@zag-js/types": "0.82.1",
        "@zag-js/utils": "0.82.1"
      }
    },
    "@zag-js/carousel": {
      "version": "0.82.1",
      "resolved": "https://registry.npmjs.org/@zag-js/carousel/-/carousel-0.82.1.tgz",
      "integrity": "sha512-MO9+9oedxdKynxgvLLzXs+VQSOhu+GvsCLV4fBt7nMBMGIRHtRSzXHRNRkO0aqbsO/nKQ8TFH7GYzI1NqT/y4A==",
      "requires": {
        "@zag-js/anatomy": "0.82.1",
        "@zag-js/core": "0.82.1",
        "@zag-js/dom-query": "0.82.1",
        "@zag-js/scroll-snap": "0.82.1",
        "@zag-js/types": "0.82.1",
        "@zag-js/utils": "0.82.1"
      }
    },
    "@zag-js/checkbox": {
      "version": "0.82.1",
      "resolved": "https://registry.npmjs.org/@zag-js/checkbox/-/checkbox-0.82.1.tgz",
      "integrity": "sha512-yD/h8ao/JTljEo+zthpKzTy/f9fqOlJ7Nd6psPoSKZy2MRGD0TDUbOjravb3icVgjTLCiaPVWMWdonny08Me6A==",
      "requires": {
        "@zag-js/anatomy": "0.82.1",
        "@zag-js/core": "0.82.1",
        "@zag-js/dom-query": "0.82.1",
        "@zag-js/focus-visible": "0.82.1",
        "@zag-js/types": "0.82.1",
        "@zag-js/utils": "0.82.1"
      }
    },
    "@zag-js/clipboard": {
      "version": "0.82.1",
      "resolved": "https://registry.npmjs.org/@zag-js/clipboard/-/clipboard-0.82.1.tgz",
      "integrity": "sha512-r1r3vwozs+lyNgccR3OfmYAydP0cJbIHGsgDKGuempinqv6xIoptHOkFgWNd6Kxz/3MnxP+BMEy6fZzECXkhdQ==",
      "requires": {
        "@zag-js/anatomy": "0.82.1",
        "@zag-js/core": "0.82.1",
        "@zag-js/dom-query": "0.82.1",
        "@zag-js/types": "0.82.1",
        "@zag-js/utils": "0.82.1"
      }
    },
    "@zag-js/collapsible": {
      "version": "0.82.1",
      "resolved": "https://registry.npmjs.org/@zag-js/collapsible/-/collapsible-0.82.1.tgz",
      "integrity": "sha512-TuggUoXRVBOwACksi63TsN2rOukzUpe6oVMUvp9MaQaDbg9gpw0JzLTrdAaHfE+bhgXAb3EjN6wcZjq8zBctZQ==",
      "requires": {
        "@zag-js/anatomy": "0.82.1",
        "@zag-js/core": "0.82.1",
        "@zag-js/dom-query": "0.82.1",
        "@zag-js/types": "0.82.1",
        "@zag-js/utils": "0.82.1"
      }
    },
    "@zag-js/collection": {
      "version": "0.82.1",
      "resolved": "https://registry.npmjs.org/@zag-js/collection/-/collection-0.82.1.tgz",
      "integrity": "sha512-uteM+xWZlWhRQe5biA5QWyva9PdzXONs+bpycUtZt8MakQgPmhW2whY9r1aW5NFVb/ScTwGAIGB3Eyc6Npz7Wg==",
      "requires": {
        "@zag-js/utils": "0.82.1"
      }
    },
    "@zag-js/color-picker": {
      "version": "0.82.1",
      "resolved": "https://registry.npmjs.org/@zag-js/color-picker/-/color-picker-0.82.1.tgz",
      "integrity": "sha512-/MShDVBFNnXResLzeyWyKApeHuB9rmUeJo3WD/Bl6rTwjmvVCKRYguIe1SQviOokMLjuAyh0YWXdKMQw0HvMqQ==",
      "requires": {
        "@zag-js/anatomy": "0.82.1",
        "@zag-js/color-utils": "0.82.1",
        "@zag-js/core": "0.82.1",
        "@zag-js/dismissable": "0.82.1",
        "@zag-js/dom-query": "0.82.1",
        "@zag-js/popper": "0.82.1",
        "@zag-js/types": "0.82.1",
        "@zag-js/utils": "0.82.1"
      }
    },
    "@zag-js/color-utils": {
      "version": "0.82.1",
      "resolved": "https://registry.npmjs.org/@zag-js/color-utils/-/color-utils-0.82.1.tgz",
      "integrity": "sha512-BMSYcBeypGX0wCLszU2jxWBRUmd5/wPDJ59Y3Zwl9yNld0gtMnuBLSUeokMcG0UVQ/BxkyrWu3VDkKTUYKprqQ==",
      "requires": {
        "@zag-js/utils": "0.82.1"
      }
    },
    "@zag-js/combobox": {
      "version": "0.82.1",
      "resolved": "https://registry.npmjs.org/@zag-js/combobox/-/combobox-0.82.1.tgz",
      "integrity": "sha512-Me3a0Sw4dTtmBRmbLGO/C1LJ4btZwbd5RLYnf8RPhEnqGJ5Z05i+ffWEe+SNBvpQO14njqBcF6P8VypVD/Ro1A==",
      "requires": {
        "@zag-js/anatomy": "0.82.1",
        "@zag-js/aria-hidden": "0.82.1",
        "@zag-js/collection": "0.82.1",
        "@zag-js/core": "0.82.1",
        "@zag-js/dismissable": "0.82.1",
        "@zag-js/dom-query": "0.82.1",
        "@zag-js/popper": "0.82.1",
        "@zag-js/types": "0.82.1",
        "@zag-js/utils": "0.82.1"
      }
    },
    "@zag-js/core": {
      "version": "0.82.1",
      "resolved": "https://registry.npmjs.org/@zag-js/core/-/core-0.82.1.tgz",
      "integrity": "sha512-Ux0fkt1PumcqLwExcEozCMEfKBxtd2JlnitXo4hR3lJW5q9G52FkgWDyPSrhblyTkX+7RgxViZTMnHxaXs99jg==",
      "requires": {
        "@zag-js/store": "0.82.1",
        "@zag-js/utils": "0.82.1"
      }
    },
    "@zag-js/date-picker": {
      "version": "0.82.1",
      "resolved": "https://registry.npmjs.org/@zag-js/date-picker/-/date-picker-0.82.1.tgz",
      "integrity": "sha512-f+4CV29+hcQ3Yw9hh0yyVRANONIUEWIrPS1fpnrrUNtIC0Y7f1Ajx+x089X9VxgQhwreK1sEwpnrL2vIqy+9+A==",
      "requires": {
        "@zag-js/anatomy": "0.82.1",
        "@zag-js/core": "0.82.1",
        "@zag-js/date-utils": "0.82.1",
        "@zag-js/dismissable": "0.82.1",
        "@zag-js/dom-query": "0.82.1",
        "@zag-js/live-region": "0.82.1",
        "@zag-js/popper": "0.82.1",
        "@zag-js/types": "0.82.1",
        "@zag-js/utils": "0.82.1"
      }
    },
    "@zag-js/date-utils": {
      "version": "0.82.1",
      "resolved": "https://registry.npmjs.org/@zag-js/date-utils/-/date-utils-0.82.1.tgz",
      "integrity": "sha512-z9sHtgV4fvtXsqLaTD4/o+D+H5wumLYhIw/Bj3yC41gR5oa4Wo9QifRT9DBfvuokmXsrnRZ8k32hUtWoYb6M/A=="
    },
    "@zag-js/dialog": {
      "version": "0.82.1",
      "resolved": "https://registry.npmjs.org/@zag-js/dialog/-/dialog-0.82.1.tgz",
      "integrity": "sha512-oqi+6Y/rx6ZKxg3s9r6bIuo33x+5+UDhvrlk31kE3LWgU1KJjVV0VEkFMK9B1SJTY7IizhlWMyDx+JXJ+jOy5Q==",
      "requires": {
        "@zag-js/anatomy": "0.82.1",
        "@zag-js/aria-hidden": "0.82.1",
        "@zag-js/core": "0.82.1",
        "@zag-js/dismissable": "0.82.1",
        "@zag-js/dom-query": "0.82.1",
        "@zag-js/focus-trap": "0.82.1",
        "@zag-js/remove-scroll": "0.82.1",
        "@zag-js/types": "0.82.1",
        "@zag-js/utils": "0.82.1"
      }
    },
    "@zag-js/dismissable": {
      "version": "0.82.1",
      "resolved": "https://registry.npmjs.org/@zag-js/dismissable/-/dismissable-0.82.1.tgz",
      "integrity": "sha512-vs+zkORzaeNzX4Wsy4OkW1AVce7l4Tc6DHZq8gqNB5SvhK+5wEPl6EmacQRvZyoCxi2m6xpaI98UkLCmVJKU+Q==",
      "requires": {
        "@zag-js/dom-query": "0.82.1",
        "@zag-js/interact-outside": "0.82.1",
        "@zag-js/utils": "0.82.1"
      }
    },
    "@zag-js/dom-query": {
      "version": "0.82.1",
      "resolved": "https://registry.npmjs.org/@zag-js/dom-query/-/dom-query-0.82.1.tgz",
      "integrity": "sha512-KFtbqDUykQur587hyrGi8LL8GfTS2mqBpIT0kL3E+S63Mq7U84i+hGf3VyNuInMB5ONpkNEk5JN4G9/HWQ6pAQ==",
      "requires": {
        "@zag-js/types": "0.82.1"
      }
    },
    "@zag-js/editable": {
      "version": "0.82.1",
      "resolved": "https://registry.npmjs.org/@zag-js/editable/-/editable-0.82.1.tgz",
      "integrity": "sha512-V5i3kYSHFJYj8914nBf4VKKtm6m59gG482vm20As4EnLcwGFrOBbm4HXUgsKq0wYSLy/lTtvMrUT8Iqudye2gw==",
      "requires": {
        "@zag-js/anatomy": "0.82.1",
        "@zag-js/core": "0.82.1",
        "@zag-js/dom-query": "0.82.1",
        "@zag-js/interact-outside": "0.82.1",
        "@zag-js/types": "0.82.1",
        "@zag-js/utils": "0.82.1"
      }
    },
    "@zag-js/element-rect": {
      "version": "0.82.1",
      "resolved": "https://registry.npmjs.org/@zag-js/element-rect/-/element-rect-0.82.1.tgz",
      "integrity": "sha512-xXUjmeIUdxkxic5bepp6fVqN9Qs+54PXCAUl6g/DtJecQVmVooIfa3SLSULhany4aR4mlGojp5TJxvSpUBA58Q=="
    },
    "@zag-js/element-size": {
      "version": "0.82.1",
      "resolved": "https://registry.npmjs.org/@zag-js/element-size/-/element-size-0.82.1.tgz",
      "integrity": "sha512-k1rOE6NhoULI9d5pt2qVUxWCQVEf3OTPH8UDnbsdf11xn+hMCzRYd9lekUdVGrcHHGvEK+W6iAfWZnlwsJsmow=="
    },
    "@zag-js/file-upload": {
      "version": "0.82.1",
      "resolved": "https://registry.npmjs.org/@zag-js/file-upload/-/file-upload-0.82.1.tgz",
      "integrity": "sha512-6cgJsy9bf2DB0v+CVq1L4g4aCePTpfWsV4C0HC+82K+OSPomiIPsQS87wo4+eAcy3z+80Qh+uglZCFAwkW8W+g==",
      "requires": {
        "@zag-js/anatomy": "0.82.1",
        "@zag-js/core": "0.82.1",
        "@zag-js/dom-query": "0.82.1",
        "@zag-js/file-utils": "0.82.1",
        "@zag-js/i18n-utils": "0.82.1",
        "@zag-js/types": "0.82.1",
        "@zag-js/utils": "0.82.1"
      }
    },
    "@zag-js/file-utils": {
      "version": "0.82.1",
      "resolved": "https://registry.npmjs.org/@zag-js/file-utils/-/file-utils-0.82.1.tgz",
      "integrity": "sha512-/u86hMd+E5UCrrY9akDAExkO7sgPA1lXzWC9gSX4LSxHATk7Vo4o5+4LiE1MX4WZRytOhtxAycJzNDVpqzmppQ==",
      "requires": {
        "@zag-js/i18n-utils": "0.82.1"
      }
    },
    "@zag-js/focus-trap": {
      "version": "0.82.1",
      "resolved": "https://registry.npmjs.org/@zag-js/focus-trap/-/focus-trap-0.82.1.tgz",
      "integrity": "sha512-z5OzmR8O3n2043Lwhp1qcizNHXvzc/Xteb3hWmxbX9hR3k0wHJeMXMj3GTDO0FBixRt+d8iHEmt3/8CkI72mqw==",
      "requires": {
        "@zag-js/dom-query": "0.82.1"
      }
    },
    "@zag-js/focus-visible": {
      "version": "0.82.1",
      "resolved": "https://registry.npmjs.org/@zag-js/focus-visible/-/focus-visible-0.82.1.tgz",
      "integrity": "sha512-b87FqZO6e9RmTY4msEzwZ3hZ8pRuPd2vbR2b6SlXr6ohtmGKlGgBGO4kmarZN/ClE+7VOnOEqIicatRBEgX9bw==",
      "requires": {
        "@zag-js/dom-query": "0.82.1"
      }
    },
    "@zag-js/highlight-word": {
      "version": "0.82.1",
      "resolved": "https://registry.npmjs.org/@zag-js/highlight-word/-/highlight-word-0.82.1.tgz",
      "integrity": "sha512-lS5r3V0l7Z53QyNwkxulYp5QYA9mFkU+3XsZqfM6cBjh+wmGE1xeIwknAmFtYvuYNK37AwT7pp5z0Rm1Ep6WVQ=="
    },
    "@zag-js/hover-card": {
      "version": "0.82.1",
      "resolved": "https://registry.npmjs.org/@zag-js/hover-card/-/hover-card-0.82.1.tgz",
      "integrity": "sha512-fp9t/PNXODwxXR1X+VzgYeSpgoJ+M3W/qvuA2stgPI4kEinwKEssSlP2sH6gTmQVZKL8SV1jiNQinVh00NE85g==",
      "requires": {
        "@zag-js/anatomy": "0.82.1",
        "@zag-js/core": "0.82.1",
        "@zag-js/dismissable": "0.82.1",
        "@zag-js/dom-query": "0.82.1",
        "@zag-js/popper": "0.82.1",
        "@zag-js/types": "0.82.1",
        "@zag-js/utils": "0.82.1"
      }
    },
    "@zag-js/i18n-utils": {
      "version": "0.82.1",
      "resolved": "https://registry.npmjs.org/@zag-js/i18n-utils/-/i18n-utils-0.82.1.tgz",
      "integrity": "sha512-YcTIqka6+/YoH2VRBMnv3CvTjHdUo/NG2nMenAB9Wq0MLTn+TAtcsujenz7ckJcgayVhFAchWNhwK9+/cs1dAw==",
      "requires": {
        "@zag-js/dom-query": "0.82.1"
      }
    },
    "@zag-js/interact-outside": {
      "version": "0.82.1",
      "resolved": "https://registry.npmjs.org/@zag-js/interact-outside/-/interact-outside-0.82.1.tgz",
      "integrity": "sha512-WcWJB5kM41fDM6YMGC3ZEPVn1q3Nrm+cAFkllRJrRY4+bUKXmtN8bqDaRKghP+dG5CXz66SiM6xBvDE4nqtK5Q==",
      "requires": {
        "@zag-js/dom-query": "0.82.1",
        "@zag-js/utils": "0.82.1"
      }
    },
    "@zag-js/live-region": {
      "version": "0.82.1",
      "resolved": "https://registry.npmjs.org/@zag-js/live-region/-/live-region-0.82.1.tgz",
      "integrity": "sha512-BmSXc41y1uOra/UV1lt8BurWkuwne/+c371IJCK6l+MWsO0ufq1lrjfx4cyFf5yhVcPRkhv/b/0i+7RxfDSK1A=="
    },
    "@zag-js/menu": {
      "version": "0.82.1",
      "resolved": "https://registry.npmjs.org/@zag-js/menu/-/menu-0.82.1.tgz",
      "integrity": "sha512-faAlQZYeWHcGH8nIxBYh7HHfVjSKsHV8yUsbhMD0XkePWM6eB+dPRd/Fc3DeT8ieM8+sUODnTHEuxar0i48v4w==",
      "requires": {
        "@zag-js/anatomy": "0.82.1",
        "@zag-js/core": "0.82.1",
        "@zag-js/dismissable": "0.82.1",
        "@zag-js/dom-query": "0.82.1",
        "@zag-js/popper": "0.82.1",
        "@zag-js/rect-utils": "0.82.1",
        "@zag-js/types": "0.82.1",
        "@zag-js/utils": "0.82.1"
      }
    },
    "@zag-js/number-input": {
      "version": "0.82.1",
      "resolved": "https://registry.npmjs.org/@zag-js/number-input/-/number-input-0.82.1.tgz",
      "integrity": "sha512-QIQlxlxM78+TkEhPEGlTbkBR3G2ngm5vhc3BFw4sG6ABMyre8TiIH37EqQB7EGKyAcuz6QwPk3AervHMFKe4YQ==",
      "requires": {
        "@internationalized/number": "3.6.0",
        "@zag-js/anatomy": "0.82.1",
        "@zag-js/core": "0.82.1",
        "@zag-js/dom-query": "0.82.1",
        "@zag-js/types": "0.82.1",
        "@zag-js/utils": "0.82.1"
      }
    },
    "@zag-js/pagination": {
      "version": "0.82.1",
      "resolved": "https://registry.npmjs.org/@zag-js/pagination/-/pagination-0.82.1.tgz",
      "integrity": "sha512-1Rsd3cSnlewefNB1RBI0ymK5wlgiBcK42H1IrJIhly6+SXDAhp0Oc45ofsCzpfhkQ4be+A9Cb30ayc6J4ZU2kA==",
      "requires": {
        "@zag-js/anatomy": "0.82.1",
        "@zag-js/core": "0.82.1",
        "@zag-js/dom-query": "0.82.1",
        "@zag-js/types": "0.82.1",
        "@zag-js/utils": "0.82.1"
      }
    },
    "@zag-js/pin-input": {
      "version": "0.82.1",
      "resolved": "https://registry.npmjs.org/@zag-js/pin-input/-/pin-input-0.82.1.tgz",
      "integrity": "sha512-P7UN7rIt03YHt05SuK+kZ9mhl4AfvCvaSGB/9KzEq5r6p1D3lc4+0LVkkOvL2EEB8vbGY/y5BNcvaF2jPQPH5Q==",
      "requires": {
        "@zag-js/anatomy": "0.82.1",
        "@zag-js/core": "0.82.1",
        "@zag-js/dom-query": "0.82.1",
        "@zag-js/types": "0.82.1",
        "@zag-js/utils": "0.82.1"
      }
    },
    "@zag-js/popover": {
      "version": "0.82.1",
      "resolved": "https://registry.npmjs.org/@zag-js/popover/-/popover-0.82.1.tgz",
      "integrity": "sha512-zZ8H/jcjaXcLRX4dBcmandexeKV/5cBOt4AUVEnd3/X5NFFkA2Njz8rpQFcNRZl814NxG4RCchIu8kmonmUKCA==",
      "requires": {
        "@zag-js/anatomy": "0.82.1",
        "@zag-js/aria-hidden": "0.82.1",
        "@zag-js/core": "0.82.1",
        "@zag-js/dismissable": "0.82.1",
        "@zag-js/dom-query": "0.82.1",
        "@zag-js/focus-trap": "0.82.1",
        "@zag-js/popper": "0.82.1",
        "@zag-js/remove-scroll": "0.82.1",
        "@zag-js/types": "0.82.1",
        "@zag-js/utils": "0.82.1"
      }
    },
    "@zag-js/popper": {
      "version": "0.82.1",
      "resolved": "https://registry.npmjs.org/@zag-js/popper/-/popper-0.82.1.tgz",
      "integrity": "sha512-vQTmVUs6aLGqKmWb+FnLDntsulvd/sCvgndeTmwOHRW8PBwPb86aDnvNrNosBSS+Kk9p6CMJwWZ6CuPWR5Kf7Q==",
      "requires": {
        "@floating-ui/dom": "1.6.12",
        "@zag-js/dom-query": "0.82.1",
        "@zag-js/utils": "0.82.1"
      }
    },
    "@zag-js/presence": {
      "version": "0.82.1",
      "resolved": "https://registry.npmjs.org/@zag-js/presence/-/presence-0.82.1.tgz",
      "integrity": "sha512-eZeAkq2s7NYCiNVMvkWL2Or458hZj71u7ygCt6skA18sO1ZksY+qIFqj99leCov+fesz06Hf8bxZz5029t/Wjg==",
      "requires": {
        "@zag-js/core": "0.82.1",
        "@zag-js/types": "0.82.1"
      }
    },
    "@zag-js/progress": {
      "version": "0.82.1",
      "resolved": "https://registry.npmjs.org/@zag-js/progress/-/progress-0.82.1.tgz",
      "integrity": "sha512-Fy1EjUda7o7e/yTKbZgKKayGOsHxkjLG+x0AakHmbR/k2VKbM4QuFHB9RJLlqNd9a+m/BzS1kEKWzCJ7/mXL9Q==",
      "requires": {
        "@zag-js/anatomy": "0.82.1",
        "@zag-js/core": "0.82.1",
        "@zag-js/dom-query": "0.82.1",
        "@zag-js/types": "0.82.1",
        "@zag-js/utils": "0.82.1"
      }
    },
    "@zag-js/qr-code": {
      "version": "0.82.1",
      "resolved": "https://registry.npmjs.org/@zag-js/qr-code/-/qr-code-0.82.1.tgz",
      "integrity": "sha512-E1N1o1dPVuhWkcrg6urut2aaCqrc16OeE9VJh1mAGIUknF3p0QScH+ql7J/n9r8WOa21xyF6HLKhnWVPRQmHGg==",
      "requires": {
        "@zag-js/anatomy": "0.82.1",
        "@zag-js/core": "0.82.1",
        "@zag-js/dom-query": "0.82.1",
        "@zag-js/types": "0.82.1",
        "@zag-js/utils": "0.82.1",
        "proxy-memoize": "3.0.1",
        "uqr": "0.1.2"
      }
    },
    "@zag-js/radio-group": {
      "version": "0.82.1",
      "resolved": "https://registry.npmjs.org/@zag-js/radio-group/-/radio-group-0.82.1.tgz",
      "integrity": "sha512-YTqP4Ok2YEmEXCEiNW2tufZ6svt4sh7KHqrHZq81vPAJMKKhVosP6LnZvmt4dVn6tKJ0OU8idwFVtPM5jSAWoA==",
      "requires": {
        "@zag-js/anatomy": "0.82.1",
        "@zag-js/core": "0.82.1",
        "@zag-js/dom-query": "0.82.1",
        "@zag-js/element-rect": "0.82.1",
        "@zag-js/focus-visible": "0.82.1",
        "@zag-js/types": "0.82.1",
        "@zag-js/utils": "0.82.1"
      }
    },
    "@zag-js/rating-group": {
      "version": "0.82.1",
      "resolved": "https://registry.npmjs.org/@zag-js/rating-group/-/rating-group-0.82.1.tgz",
      "integrity": "sha512-ULl0OA207b6Ilsr2QWt4dbx58hA/NnyCmHpvv1pAYSlH3K0Es5b25B80Cc5jM/3NK3yqoY81OkS9U8lxmpWo+A==",
      "requires": {
        "@zag-js/anatomy": "0.82.1",
        "@zag-js/core": "0.82.1",
        "@zag-js/dom-query": "0.82.1",
        "@zag-js/types": "0.82.1",
        "@zag-js/utils": "0.82.1"
      }
    },
    "@zag-js/react": {
      "version": "0.82.1",
      "resolved": "https://registry.npmjs.org/@zag-js/react/-/react-0.82.1.tgz",
      "integrity": "sha512-CZivUTFQ4TdRKTN+9wpWAo0lEZlMnbjJPVn2VJVpcz+eRNUeoVzevkNY/OzAqdV3mp+VtdNabQn1fAz8ngViPQ==",
      "requires": {
        "@zag-js/core": "0.82.1",
        "@zag-js/store": "0.82.1",
        "@zag-js/types": "0.82.1",
        "proxy-compare": "3.0.1"
      }
    },
    "@zag-js/rect-utils": {
      "version": "0.82.1",
      "resolved": "https://registry.npmjs.org/@zag-js/rect-utils/-/rect-utils-0.82.1.tgz",
      "integrity": "sha512-gXmvj1wK9FeToOCzvoZ5gycqUNRzfeqd84uwJeG9zA8SVdoyEnoAji8IAynneq8t3LbiNUcu37wjTw0dcWM6ig=="
    },
    "@zag-js/remove-scroll": {
      "version": "0.82.1",
      "resolved": "https://registry.npmjs.org/@zag-js/remove-scroll/-/remove-scroll-0.82.1.tgz",
      "integrity": "sha512-68cvXvqgNOlucbnGKRyephk8Qg8wb4xpjgUdmF9xQwICdY/uhW2p4ZGJ4471TDCDIlpoBrJPYsWqV2oWH3QNfA==",
      "requires": {
        "@zag-js/dom-query": "0.82.1"
      }
    },
    "@zag-js/scroll-snap": {
      "version": "0.82.1",
      "resolved": "https://registry.npmjs.org/@zag-js/scroll-snap/-/scroll-snap-0.82.1.tgz",
      "integrity": "sha512-HL3MkBpWx4Cw0+h1UP/PnvLP3Z1T+F5mkeS8HWmiP+KPzhtFiEBRrve+xk7h7BMXifteg2UZy53ZiZfJeGsd3w==",
      "requires": {
        "@zag-js/dom-query": "0.82.1"
      }
    },
    "@zag-js/select": {
      "version": "0.82.1",
      "resolved": "https://registry.npmjs.org/@zag-js/select/-/select-0.82.1.tgz",
      "integrity": "sha512-cc6D8Iz+Ewnx9L0J63QGqC2bbiwzCEcJVE/j4OZDcy4Qk3lqr3qA09uuJbQxAi7yvIeB44DIEt9ryTZPkZbgiw==",
      "requires": {
        "@zag-js/anatomy": "0.82.1",
        "@zag-js/collection": "0.82.1",
        "@zag-js/core": "0.82.1",
        "@zag-js/dismissable": "0.82.1",
        "@zag-js/dom-query": "0.82.1",
        "@zag-js/popper": "0.82.1",
        "@zag-js/types": "0.82.1",
        "@zag-js/utils": "0.82.1"
      }
    },
    "@zag-js/signature-pad": {
      "version": "0.82.1",
      "resolved": "https://registry.npmjs.org/@zag-js/signature-pad/-/signature-pad-0.82.1.tgz",
      "integrity": "sha512-s8ae88OpAafkpuqimO9beUiVTn3FG+bnWeWnYQOLtNYMCNHzQbVZp9QBNbOoUpNcDT14mx9rfZe98BqfiMohFw==",
      "requires": {
        "@zag-js/anatomy": "0.82.1",
        "@zag-js/core": "0.82.1",
        "@zag-js/dom-query": "0.82.1",
        "@zag-js/types": "0.82.1",
        "@zag-js/utils": "0.82.1",
        "perfect-freehand": "^1.2.2"
      }
    },
    "@zag-js/slider": {
      "version": "0.82.1",
      "resolved": "https://registry.npmjs.org/@zag-js/slider/-/slider-0.82.1.tgz",
      "integrity": "sha512-qXVvXbDRq6Cla036M9OH6plO7ubefM7k65NJQKjtITDua+VliKQLXj9BrdPLT9K96wWntW+D/TiZXE+JNbR4ow==",
      "requires": {
        "@zag-js/anatomy": "0.82.1",
        "@zag-js/core": "0.82.1",
        "@zag-js/dom-query": "0.82.1",
        "@zag-js/element-size": "0.82.1",
        "@zag-js/types": "0.82.1",
        "@zag-js/utils": "0.82.1"
      }
    },
    "@zag-js/splitter": {
      "version": "0.82.1",
      "resolved": "https://registry.npmjs.org/@zag-js/splitter/-/splitter-0.82.1.tgz",
      "integrity": "sha512-eMNncj+pcepYTf+51s4ysDS/tjtKXswpwsSQR0AeNqCE3SW3TGzHOM0+uheyjgv9EmDGDrr3Imdo0PCkq3bqug==",
      "requires": {
        "@zag-js/anatomy": "0.82.1",
        "@zag-js/core": "0.82.1",
        "@zag-js/dom-query": "0.82.1",
        "@zag-js/types": "0.82.1",
        "@zag-js/utils": "0.82.1"
      }
    },
    "@zag-js/steps": {
      "version": "0.82.1",
      "resolved": "https://registry.npmjs.org/@zag-js/steps/-/steps-0.82.1.tgz",
      "integrity": "sha512-N/LVOPbpQGtqpnNsdgZsQytpvXVoJ9Uldo8G38Q7892wwhVx63L0qLaiOK+SkU7kUTueOh109HezZ67nq3sadw==",
      "requires": {
        "@zag-js/anatomy": "0.82.1",
        "@zag-js/core": "0.82.1",
        "@zag-js/dom-query": "0.82.1",
        "@zag-js/types": "0.82.1",
        "@zag-js/utils": "0.82.1"
      }
    },
    "@zag-js/store": {
      "version": "0.82.1",
      "resolved": "https://registry.npmjs.org/@zag-js/store/-/store-0.82.1.tgz",
      "integrity": "sha512-uWlVivLZBCuAEXrXOITM1srwfBtAnT8kBYVPElrT5aSO9gkV1YC/g+YdFRol7KKOg12qO561CPKReVfilmtAKg==",
      "requires": {
        "proxy-compare": "3.0.1"
      }
    },
    "@zag-js/switch": {
      "version": "0.82.1",
      "resolved": "https://registry.npmjs.org/@zag-js/switch/-/switch-0.82.1.tgz",
      "integrity": "sha512-lIZsOs5nG9TkPs75+OK5THprEO0u3NAiLnEJ489KEFautVX/GMwAWvGHNFS7CcCpLZv+EpVKAPAdmGfEphrzhA==",
      "requires": {
        "@zag-js/anatomy": "0.82.1",
        "@zag-js/core": "0.82.1",
        "@zag-js/dom-query": "0.82.1",
        "@zag-js/focus-visible": "0.82.1",
        "@zag-js/types": "0.82.1",
        "@zag-js/utils": "0.82.1"
      }
    },
    "@zag-js/tabs": {
      "version": "0.82.1",
      "resolved": "https://registry.npmjs.org/@zag-js/tabs/-/tabs-0.82.1.tgz",
      "integrity": "sha512-1uwNRvy8LyUTCAWjL1kD7BexOZ0sHrZ4OnUwDNuaWbqxUjtzoe+ftvcLXvmwFMmrns7o1SVnjqkgSVKuE4mcDA==",
      "requires": {
        "@zag-js/anatomy": "0.82.1",
        "@zag-js/core": "0.82.1",
        "@zag-js/dom-query": "0.82.1",
        "@zag-js/element-rect": "0.82.1",
        "@zag-js/types": "0.82.1",
        "@zag-js/utils": "0.82.1"
      }
    },
    "@zag-js/tags-input": {
      "version": "0.82.1",
      "resolved": "https://registry.npmjs.org/@zag-js/tags-input/-/tags-input-0.82.1.tgz",
      "integrity": "sha512-1mY8nCNMQgMwWBV5zX0bUcIgstqKjvFOAuYhGLIxbQPbgX7lP8Kr3nuhABh0oC0KnWaKfOMlItir2k795G4KMQ==",
      "requires": {
        "@zag-js/anatomy": "0.82.1",
        "@zag-js/auto-resize": "0.82.1",
        "@zag-js/core": "0.82.1",
        "@zag-js/dom-query": "0.82.1",
        "@zag-js/interact-outside": "0.82.1",
        "@zag-js/live-region": "0.82.1",
        "@zag-js/types": "0.82.1",
        "@zag-js/utils": "0.82.1"
      }
    },
    "@zag-js/time-picker": {
      "version": "0.82.1",
      "resolved": "https://registry.npmjs.org/@zag-js/time-picker/-/time-picker-0.82.1.tgz",
      "integrity": "sha512-nWKx3yyHFBUBPOTDFhi3du4wWlQe8wY0EoeWLQN6bpJSF4qo/BosTZJkUHm//FgUdwdhQBFOAsrlrJ0vL4qvNA==",
      "requires": {
        "@zag-js/anatomy": "0.82.1",
        "@zag-js/core": "0.82.1",
        "@zag-js/dismissable": "0.82.1",
        "@zag-js/dom-query": "0.82.1",
        "@zag-js/popper": "0.82.1",
        "@zag-js/types": "0.82.1",
        "@zag-js/utils": "0.82.1"
      }
    },
    "@zag-js/timer": {
      "version": "0.82.1",
      "resolved": "https://registry.npmjs.org/@zag-js/timer/-/timer-0.82.1.tgz",
      "integrity": "sha512-uG4xCrYHgDZJgvW+71ROQX0xIkqMup37ZpNSLS2f5eD5DO1n/9NYLztA1YyeCJyv1aEDsZreeJLJvNDElgXA2A==",
      "requires": {
        "@zag-js/anatomy": "0.82.1",
        "@zag-js/core": "0.82.1",
        "@zag-js/dom-query": "0.82.1",
        "@zag-js/types": "0.82.1",
        "@zag-js/utils": "0.82.1"
      }
    },
    "@zag-js/toast": {
      "version": "0.82.1",
      "resolved": "https://registry.npmjs.org/@zag-js/toast/-/toast-0.82.1.tgz",
      "integrity": "sha512-4dL99zHXQg8j7ReJAR9zLAp5lNKMS4Nm+THnJaKsA0TF5QkELGnsZz47oKhFY0aQn46paxMLVagLqQ0+2i6D1w==",
      "requires": {
        "@zag-js/anatomy": "0.82.1",
        "@zag-js/core": "0.82.1",
        "@zag-js/dismissable": "0.82.1",
        "@zag-js/dom-query": "0.82.1",
        "@zag-js/types": "0.82.1",
        "@zag-js/utils": "0.82.1"
      }
    },
    "@zag-js/toggle-group": {
      "version": "0.82.1",
      "resolved": "https://registry.npmjs.org/@zag-js/toggle-group/-/toggle-group-0.82.1.tgz",
      "integrity": "sha512-8YaYKFz3ciiQhlTFScrvqH3Ke6UMDQLSgMEsCcERBYatd6TxkJwlFiBzpksIDsZpmloBrylyItJvqmzj9jt6Ig==",
      "requires": {
        "@zag-js/anatomy": "0.82.1",
        "@zag-js/core": "0.82.1",
        "@zag-js/dom-query": "0.82.1",
        "@zag-js/types": "0.82.1",
        "@zag-js/utils": "0.82.1"
      }
    },
    "@zag-js/tooltip": {
      "version": "0.82.1",
      "resolved": "https://registry.npmjs.org/@zag-js/tooltip/-/tooltip-0.82.1.tgz",
      "integrity": "sha512-ewF/1h2INDJlzYnoIigcWFWim56ezhfl7YGKgqLBdxBoRvZHyhRIfR8bbddVZk4k144gXsMVMeXwS6VEt6D0eQ==",
      "requires": {
        "@zag-js/anatomy": "0.82.1",
        "@zag-js/core": "0.82.1",
        "@zag-js/dom-query": "0.82.1",
        "@zag-js/focus-visible": "0.82.1",
        "@zag-js/popper": "0.82.1",
        "@zag-js/types": "0.82.1",
        "@zag-js/utils": "0.82.1"
      }
    },
    "@zag-js/tour": {
      "version": "0.82.1",
      "resolved": "https://registry.npmjs.org/@zag-js/tour/-/tour-0.82.1.tgz",
      "integrity": "sha512-Oo4ZA3vG2sYEotfrWVXfIV1KW0Z+s91U+2YPtM2sOLnhetEVXxj/AwAruZfvS6WOcTI7D9UBrrQolY94fdZeOA==",
      "requires": {
        "@zag-js/anatomy": "0.82.1",
        "@zag-js/core": "0.82.1",
        "@zag-js/dismissable": "0.82.1",
        "@zag-js/dom-query": "0.82.1",
        "@zag-js/focus-trap": "0.82.1",
        "@zag-js/interact-outside": "0.82.1",
        "@zag-js/popper": "0.82.1",
        "@zag-js/types": "0.82.1",
        "@zag-js/utils": "0.82.1"
      }
    },
    "@zag-js/tree-view": {
      "version": "0.82.1",
      "resolved": "https://registry.npmjs.org/@zag-js/tree-view/-/tree-view-0.82.1.tgz",
      "integrity": "sha512-xvYwaL49ffC8nnb+ENgNtkSZE1jMh8tm1E777AqBqnrhJZ28+FA9Sk8YDuWIWhNOV/r4n97jTXqj4SAGCrlAMQ==",
      "requires": {
        "@zag-js/anatomy": "0.82.1",
        "@zag-js/collection": "0.82.1",
        "@zag-js/core": "0.82.1",
        "@zag-js/dom-query": "0.82.1",
        "@zag-js/types": "0.82.1",
        "@zag-js/utils": "0.82.1"
      }
    },
    "@zag-js/types": {
      "version": "0.82.1",
      "resolved": "https://registry.npmjs.org/@zag-js/types/-/types-0.82.1.tgz",
      "integrity": "sha512-Nr/CU/z/SZWDL92P2u9VDZL9JUxY8L1P7dGI0CmDKHlEHk1+vzqg3UnVkUKkZ5eVMNLtloHbrux5X9Gmkl39WQ==",
      "requires": {
        "csstype": "3.1.3"
      }
    },
    "@zag-js/utils": {
      "version": "0.82.1",
      "resolved": "https://registry.npmjs.org/@zag-js/utils/-/utils-0.82.1.tgz",
      "integrity": "sha512-JUGdEjstrzB0G2AJqzQiURIl6UZ1ONYgby/pqBKX57LO5LxasQXk9oNZh8+ZAvePNC/lKqqTtyyI02YQB4XwkA=="
    },
    "asynckit": {
      "version": "0.4.0",
      "resolved": "https://registry.npmjs.org/asynckit/-/asynckit-0.4.0.tgz",
      "integrity": "sha512-Oei9OH4tRh0YqU3GxhX79dM/mwVgvbZJaSNaRk+bshkj0S5cfHcgYakreBjrHwatXKbz+IoIdYLxrKim2MjW0Q=="
    },
    "axios": {
      "version": "1.8.1",
      "resolved": "https://registry.npmjs.org/axios/-/axios-1.8.1.tgz",
      "integrity": "sha512-NN+fvwH/kV01dYUQ3PTOZns4LWtWhOFCAhQ/pHb88WQ1hNe5V/dvFwc4VJcDL11LT9xSX0QtsR8sWUuyOuOq7g==",
      "requires": {
        "follow-redirects": "^1.15.6",
        "form-data": "^4.0.0",
        "proxy-from-env": "^1.1.0"
      }
    },
    "call-bind-apply-helpers": {
      "version": "1.0.2",
      "resolved": "https://registry.npmjs.org/call-bind-apply-helpers/-/call-bind-apply-helpers-1.0.2.tgz",
      "integrity": "sha512-Sp1ablJ0ivDkSzjcaJdxEunN5/XvksFJ2sMBFfq6x0ryhQV/2b/KwFe21cMpmHtPOSij8K99/wSfoEuTObmuMQ==",
      "requires": {
        "es-errors": "^1.3.0",
        "function-bind": "^1.1.2"
      }
    },
    "combined-stream": {
      "version": "1.0.8",
      "resolved": "https://registry.npmjs.org/combined-stream/-/combined-stream-1.0.8.tgz",
      "integrity": "sha512-FQN4MRfuJeHf7cBbBMJFXhKSDq+2kAArBlmRBvcvFE5BB1HZKXtSFASDhdlz9zOYwxh8lDdnvmMOe/+5cdoEdg==",
      "requires": {
        "delayed-stream": "~1.0.0"
      }
    },
    "csstype": {
      "version": "3.1.3",
      "resolved": "https://registry.npmjs.org/csstype/-/csstype-3.1.3.tgz",
      "integrity": "sha512-M1uQkMl8rQK/szD0LNhtqxIPLpimGm8sOBwU7lLnCpSbTyY3yeU1Vc7l4KT5zT4s/yOxHH5O7tIuuLOCnLADRw=="
    },
    "delayed-stream": {
      "version": "1.0.0",
      "resolved": "https://registry.npmjs.org/delayed-stream/-/delayed-stream-1.0.0.tgz",
      "integrity": "sha512-ZySD7Nf91aLB0RxL4KGrKHBXl7Eds1DAmEdcoVawXnLD7SDhpNgtuII2aAkg7a7QS41jxPSZ17p4VdGnMHk3MQ=="
    },
    "dunder-proto": {
      "version": "1.0.1",
      "resolved": "https://registry.npmjs.org/dunder-proto/-/dunder-proto-1.0.1.tgz",
      "integrity": "sha512-KIN/nDJBQRcXw0MLVhZE9iQHmG68qAVIBg9CqmUYjmQIhgij9U5MFvrqkUL5FbtyyzZuOeOt0zdeRe4UY7ct+A==",
      "requires": {
        "call-bind-apply-helpers": "^1.0.1",
        "es-errors": "^1.3.0",
        "gopd": "^1.2.0"
      }
    },
    "es-define-property": {
      "version": "1.0.1",
      "resolved": "https://registry.npmjs.org/es-define-property/-/es-define-property-1.0.1.tgz",
      "integrity": "sha512-e3nRfgfUZ4rNGL232gUgX06QNyyez04KdjFrF+LTRoOXmrOgFKDg4BCdsjW8EnT69eqdYGmRpJwiPVYNrCaW3g=="
    },
    "es-errors": {
      "version": "1.3.0",
      "resolved": "https://registry.npmjs.org/es-errors/-/es-errors-1.3.0.tgz",
      "integrity": "sha512-Zf5H2Kxt2xjTvbJvP2ZWLEICxA6j+hAmMzIlypy4xcBg1vKVnx89Wy0GbS+kf5cwCVFFzdCFh2XSCFNULS6csw=="
    },
    "es-object-atoms": {
      "version": "1.1.1",
      "resolved": "https://registry.npmjs.org/es-object-atoms/-/es-object-atoms-1.1.1.tgz",
      "integrity": "sha512-FGgH2h8zKNim9ljj7dankFPcICIK9Cp5bm+c2gQSYePhpaG5+esrLODihIorn+Pe6FGJzWhXQotPv73jTaldXA==",
      "requires": {
        "es-errors": "^1.3.0"
      }
    },
    "es-set-tostringtag": {
      "version": "2.1.0",
      "resolved": "https://registry.npmjs.org/es-set-tostringtag/-/es-set-tostringtag-2.1.0.tgz",
      "integrity": "sha512-j6vWzfrGVfyXxge+O0x5sh6cvxAog0a/4Rdd2K36zCMV5eJ+/+tOAngRO8cODMNWbVRdVlmGZQL2YS3yR8bIUA==",
      "requires": {
        "es-errors": "^1.3.0",
        "get-intrinsic": "^1.2.6",
        "has-tostringtag": "^1.0.2",
        "hasown": "^2.0.2"
      }
    },
    "fast-safe-stringify": {
      "version": "2.1.1",
      "resolved": "https://registry.npmjs.org/fast-safe-stringify/-/fast-safe-stringify-2.1.1.tgz",
      "integrity": "sha512-W+KJc2dmILlPplD/H4K9l9LcAHAfPtP6BY84uVLXQ6Evcz9Lcg33Y2z1IVblT6xdY54PXYVHEv+0Wpq8Io6zkA=="
    },
    "follow-redirects": {
      "version": "1.15.9",
      "resolved": "https://registry.npmjs.org/follow-redirects/-/follow-redirects-1.15.9.tgz",
      "integrity": "sha512-gew4GsXizNgdoRyqmyfMHyAmXsZDk6mHkSxZFCzW9gwlbtOW44CDtYavM+y+72qD/Vq2l550kMF52DT8fOLJqQ=="
    },
    "form-data": {
      "version": "4.0.2",
      "resolved": "https://registry.npmjs.org/form-data/-/form-data-4.0.2.tgz",
      "integrity": "sha512-hGfm/slu0ZabnNt4oaRZ6uREyfCj6P4fT/n6A1rGV+Z0VdGXjfOhVUpkn6qVQONHGIFwmveGXyDs75+nr6FM8w==",
      "requires": {
        "asynckit": "^0.4.0",
        "combined-stream": "^1.0.8",
        "es-set-tostringtag": "^2.1.0",
        "mime-types": "^2.1.12"
      }
    },
    "function-bind": {
      "version": "1.1.2",
      "resolved": "https://registry.npmjs.org/function-bind/-/function-bind-1.1.2.tgz",
      "integrity": "sha512-7XHNxH7qX9xG5mIwxkhumTox/MIRNcOgDrxWsMt2pAr23WHp6MrRlN7FBSFpCpr+oVO0F744iUgR82nJMfG2SA=="
    },
    "get-intrinsic": {
      "version": "1.3.0",
      "resolved": "https://registry.npmjs.org/get-intrinsic/-/get-intrinsic-1.3.0.tgz",
      "integrity": "sha512-9fSjSaos/fRIVIp+xSJlE6lfwhES7LNtKaCBIamHsjr2na1BiABJPo0mOjjz8GJDURarmCPGqaiVg5mfjb98CQ==",
      "requires": {
        "call-bind-apply-helpers": "^1.0.2",
        "es-define-property": "^1.0.1",
        "es-errors": "^1.3.0",
        "es-object-atoms": "^1.1.1",
        "function-bind": "^1.1.2",
        "get-proto": "^1.0.1",
        "gopd": "^1.2.0",
        "has-symbols": "^1.1.0",
        "hasown": "^2.0.2",
        "math-intrinsics": "^1.1.0"
      }
    },
    "get-proto": {
      "version": "1.0.1",
      "resolved": "https://registry.npmjs.org/get-proto/-/get-proto-1.0.1.tgz",
      "integrity": "sha512-sTSfBjoXBp89JvIKIefqw7U2CCebsc74kiY6awiGogKtoSGbgjYE/G/+l9sF3MWFPNc9IcoOC4ODfKHfxFmp0g==",
      "requires": {
        "dunder-proto": "^1.0.1",
        "es-object-atoms": "^1.0.0"
      }
    },
    "gopd": {
      "version": "1.2.0",
      "resolved": "https://registry.npmjs.org/gopd/-/gopd-1.2.0.tgz",
      "integrity": "sha512-ZUKRh6/kUFoAiTAtTYPZJ3hw9wNxx+BIBOijnlG9PnrJsCcSjs1wyyD6vJpaYtgnzDrKYRSqf3OO6Rfa93xsRg=="
    },
    "has-symbols": {
      "version": "1.1.0",
      "resolved": "https://registry.npmjs.org/has-symbols/-/has-symbols-1.1.0.tgz",
      "integrity": "sha512-1cDNdwJ2Jaohmb3sg4OmKaMBwuC48sYni5HUw2DvsC8LjGTLK9h+eb1X6RyuOHe4hT0ULCW68iomhjUoKUqlPQ=="
    },
    "has-tostringtag": {
      "version": "1.0.2",
      "resolved": "https://registry.npmjs.org/has-tostringtag/-/has-tostringtag-1.0.2.tgz",
      "integrity": "sha512-NqADB8VjPFLM2V0VvHUewwwsw0ZWBaIdgo+ieHtK3hasLz4qeCRjYcqfB6AQrBggRKppKF8L52/VqdVsO47Dlw==",
      "requires": {
        "has-symbols": "^1.0.3"
      }
    },
    "hasown": {
      "version": "2.0.2",
      "resolved": "https://registry.npmjs.org/hasown/-/hasown-2.0.2.tgz",
      "integrity": "sha512-0hJU9SCPvmMzIBdZFqNPXWa6dqh7WdH0cII9y+CyS8rG3nL48Bclra9HmKhVVUHyPWNH5Y7xDwAB7bfgSjkUMQ==",
      "requires": {
        "function-bind": "^1.1.2"
      }
    },
    "math-intrinsics": {
      "version": "1.1.0",
      "resolved": "https://registry.npmjs.org/math-intrinsics/-/math-intrinsics-1.1.0.tgz",
      "integrity": "sha512-/IXtbwEk5HTPyEwyKX6hGkYXxM9nbj64B+ilVJnC/R6B0pH5G4V3b0pVbL7DBj4tkhBAppbQUlf6F6Xl9LHu1g=="
    },
    "mime-db": {
      "version": "1.52.0",
      "resolved": "https://registry.npmjs.org/mime-db/-/mime-db-1.52.0.tgz",
      "integrity": "sha512-sPU4uV7dYlvtWJxwwxHD0PuihVNiE7TyAbQ5SWxDCB9mUYvOgroQOwYQQOKPJ8CIbE+1ETVlOoK1UC2nU3gYvg=="
    },
    "mime-types": {
      "version": "2.1.35",
      "resolved": "https://registry.npmjs.org/mime-types/-/mime-types-2.1.35.tgz",
      "integrity": "sha512-ZDY+bPm5zTTF+YpCrAU9nK0UgICYPT0QtT1NZWFv4s++TNkcgVaT0g6+4R2uI4MjQjzysHB1zxuWL50hzaeXiw==",
      "requires": {
        "mime-db": "1.52.0"
      }
    },
    "perfect-freehand": {
      "version": "1.2.2",
      "resolved": "https://registry.npmjs.org/perfect-freehand/-/perfect-freehand-1.2.2.tgz",
      "integrity": "sha512-eh31l019WICQ03pkF3FSzHxB8n07ItqIQ++G5UV8JX0zVOXzgTGCqnRR0jJ2h9U8/2uW4W4mtGJELt9kEV0CFQ=="
    },
    "proxy-compare": {
      "version": "3.0.1",
      "resolved": "https://registry.npmjs.org/proxy-compare/-/proxy-compare-3.0.1.tgz",
      "integrity": "sha512-V9plBAt3qjMlS1+nC8771KNf6oJ12gExvaxnNzN/9yVRLdTv/lc+oJlnSzrdYDAvBfTStPCoiaCOTmTs0adv7Q=="
    },
    "proxy-from-env": {
      "version": "1.1.0",
      "resolved": "https://registry.npmjs.org/proxy-from-env/-/proxy-from-env-1.1.0.tgz",
      "integrity": "sha512-D+zkORCbA9f1tdWRK0RaCR3GPv50cMxcrz4X8k5LTSUD1Dkw47mKJEZQNunItRTkWwgtaUSo1RVFRIG9ZXiFYg=="
    },
    "proxy-memoize": {
      "version": "3.0.1",
      "resolved": "https://registry.npmjs.org/proxy-memoize/-/proxy-memoize-3.0.1.tgz",
      "integrity": "sha512-VDdG/VYtOgdGkWJx7y0o7p+zArSf2383Isci8C+BP3YXgMYDoPd3cCBjw0JdWb6YBb9sFiOPbAADDVTPJnh+9g==",
      "requires": {
        "proxy-compare": "^3.0.0"
      }
    },
    "tslib": {
      "version": "2.8.1",
      "resolved": "https://registry.npmjs.org/tslib/-/tslib-2.8.1.tgz",
      "integrity": "sha512-oJFu94HQb+KVduSUQL7wnpmqnfmLsOA/nAh6b6EH0wCEoK0/mPeXU6c3wKDV83MkOuHPRHtSXKKU99IBazS/2w=="
    },
    "uqr": {
      "version": "0.1.2",
      "resolved": "https://registry.npmjs.org/uqr/-/uqr-0.1.2.tgz",
      "integrity": "sha512-MJu7ypHq6QasgF5YRTjqscSzQp/W11zoUk6kvmlH+fmWEs63Y0Eib13hYFwAzagRJcVY8WVnlV+eBDUGMJ5IbA=="
    }
  }
}
